{
  "nodes": {
    "devenv": {
      "locked": {
        "dir": "src/modules",
        "lastModified": 1775316197,
        "narHash": "sha256-Z2/xPvF9hvqmUMZ1EtyMsGULTN3jyyG4gEI4d3AL4rw=",
        "owner": "cachix",
        "repo": "devenv",
        "rev": "b1786b88aaec2d42afa10e7a057423475ac30ff6",
        "type": "github"
      },
      "original": {
        "dir": "src/modules",
        "owner": "cachix",
        "repo": "devenv",
        "type": "github"
      }
    },
    "nixpkgs": {
      "locked": {
        "lastModified": 1775323051,
        "narHash": "sha256-U46BM7c7wP1lq6akfZSZXry+mcXQ1CKppRP5TqIu58M=",
        "owner": "nixos",
        "repo": "nixpkgs",
        "rev": "a1b8933f91bf18cf4b61c477f776bb6c8fb0dd35",
        "type": "github"
      },
      "original": {
        "owner": "nixos",
        "repo": "nixpkgs",
        "type": "github"
      }
    },
    "root": {
      "inputs": {
        "devenv": "devenv",
        "nixpkgs": "nixpkgs"
      }
    }
  },
  "root": "root",
  "version": 7
}