{
  "nodes": {
    "devenv": {
      "locked": {
        "dir": "src/modules",
        "lastModified": 1772989822,
        "narHash": "sha256-3TQjDm5pXTpmsc7T48hlAxgm6G5INqZHyw8Rk9zYTG0=",
        "owner": "cachix",
        "repo": "devenv",
        "rev": "f8846599708f5c6ba69c156d4becaaab2218e184",
        "type": "github"
      },
      "original": {
        "dir": "src/modules",
        "owner": "cachix",
        "repo": "devenv",
        "type": "github"
      }
    },
    "devenv-module-devcontainer": {
      "flake": false,
      "locked": {
        "lastModified": 1772985947,
        "narHash": "sha256-Ie4wWxbg5hFkPUyoBqJLIDVPQfBVrgGVKrkbT6qLLYs=",
        "owner": "datakurre",
        "repo": "devenv-module-devcontainer",
        "rev": "bde2966fda08382e4e3405ac1af55ee22ef75eb3",
        "type": "github"
      },
      "original": {
        "owner": "datakurre",
        "repo": "devenv-module-devcontainer",
        "type": "github"
      }
    },
    "nixpkgs": {
      "locked": {
        "lastModified": 1772889131,
        "narHash": "sha256-dzsbP8vnvAxV5WBA145wb25bQYz8LxPcrRB8JDb1Y4Q=",
        "owner": "nixos",
        "repo": "nixpkgs",
        "rev": "a0756b8d5ca0dfdc3c6502d654a61bed81860ac4",
        "type": "github"
      },
      "original": {
        "owner": "nixos",
        "repo": "nixpkgs",
        "type": "github"
      }
    },
    "nixpkgs-stable": {
      "locked": {
        "lastModified": 1772822230,
        "narHash": "sha256-yf3iYLGbGVlIthlQIk5/4/EQDZNNEmuqKZkQssMljuw=",
        "owner": "nixos",
        "repo": "nixpkgs",
        "rev": "71caefce12ba78d84fe618cf61644dce01cf3a96",
        "type": "github"
      },
      "original": {
        "owner": "nixos",
        "ref": "nixos-25.11",
        "repo": "nixpkgs",
        "type": "github"
      }
    },
    "root": {
      "inputs": {
        "devenv": "devenv",
        "devenv-module-devcontainer": "devenv-module-devcontainer",
        "nixpkgs": "nixpkgs",
        "nixpkgs-stable": "nixpkgs-stable"
      }
    }
  },
  "root": "root",
  "version": 7
}